Microsoft Visual Studio Solution File, Format Version 11.00
# Visual Studio 2010
Project("{8BC9CEB8-8B4A-11D0-8D11-00A0C91BC942}") = "ApexCommon", "ApexCommon.vcxproj", "{EB296424-1E97-75C4-32C6-737EDDC94194}"
EndProject
Project("{8BC9CEB8-8B4A-11D0-8D11-00A0C91BC942}") = "ApexShared", "ApexShared.vcxproj", "{BE49ECE2-48A1-3312-BFF2-E9FD1E5E0365}"
EndProject
Project("{8BC9CEB8-8B4A-11D0-8D11-00A0C91BC942}") = "ApexFramework", "ApexFramework.vcxproj", "{27A812A1-CF97-E1FE-B676-2D8DBD096EDB}"
	ProjectSection(ProjectDependencies) = postProject
		{EB296424-1E97-75C4-32C6-737EDDC94194} = {EB296424-1E97-75C4-32C6-737EDDC94194}
		{BE49ECE2-48A1-3312-BFF2-E9FD1E5E0365} = {BE49ECE2-48A1-3312-BFF2-E9FD1E5E0365}
	EndProjectSection
EndProject
Project("{8BC9CEB8-8B4A-11D0-8D11-00A0C91BC942}") = "APEX_Destructible", "APEX_Destructible.vcxproj", "{DA5BFD9D-1927-A6A9-F973-BCA40150A20D}"
	ProjectSection(ProjectDependencies) = postProject
		{EB296424-1E97-75C4-32C6-737EDDC94194} = {EB296424-1E97-75C4-32C6-737EDDC94194}
		{BE49ECE2-48A1-3312-BFF2-E9FD1E5E0365} = {BE49ECE2-48A1-3312-BFF2-E9FD1E5E0365}
	EndProjectSection
EndProject
Project("{8BC9CEB8-8B4A-11D0-8D11-00A0C91BC942}") = "APEX_Clothing", "APEX_Clothing.vcxproj", "{5CF0910C-1729-3C31-9FCE-408CE9DFF319}"
	ProjectSection(ProjectDependencies) = postProject
		{EB296424-1E97-75C4-32C6-737EDDC94194} = {EB296424-1E97-75C4-32C6-737EDDC94194}
		{BE49ECE2-48A1-3312-BFF2-E9FD1E5E0365} = {BE49ECE2-48A1-3312-BFF2-E9FD1E5E0365}
	EndProjectSection
EndProject
Global
	GlobalSection(SolutionConfigurationPlatforms) = preSolution
		checked|x64 = checked|x64
		debug|x64 = debug|x64
		profile|x64 = profile|x64
		release|x64 = release|x64
	EndGlobalSection
	GlobalSection(ProjectConfigurationPlatforms) = postSolution
		{EB296424-1E97-75C4-32C6-737EDDC94194}.checked|x64.ActiveCfg = checked|x64
		{EB296424-1E97-75C4-32C6-737EDDC94194}.checked|x64.Build.0 = checked|x64
		{EB296424-1E97-75C4-32C6-737EDDC94194}.debug|x64.ActiveCfg = debug|x64
		{EB296424-1E97-75C4-32C6-737EDDC94194}.debug|x64.Build.0 = debug|x64
		{EB296424-1E97-75C4-32C6-737EDDC94194}.profile|x64.ActiveCfg = profile|x64
		{EB296424-1E97-75C4-32C6-737EDDC94194}.profile|x64.Build.0 = profile|x64
		{EB296424-1E97-75C4-32C6-737EDDC94194}.release|x64.ActiveCfg = release|x64
		{EB296424-1E97-75C4-32C6-737EDDC94194}.release|x64.Build.0 = release|x64
		{BE49ECE2-48A1-3312-BFF2-E9FD1E5E0365}.checked|x64.ActiveCfg = checked|x64
		{BE49ECE2-48A1-3312-BFF2-E9FD1E5E0365}.checked|x64.Build.0 = checked|x64
		{BE49ECE2-48A1-3312-BFF2-E9FD1E5E0365}.debug|x64.ActiveCfg = debug|x64
		{BE49ECE2-48A1-3312-BFF2-E9FD1E5E0365}.debug|x64.Build.0 = debug|x64
		{BE49ECE2-48A1-3312-BFF2-E9FD1E5E0365}.profile|x64.ActiveCfg = profile|x64
		{BE49ECE2-48A1-3312-BFF2-E9FD1E5E0365}.profile|x64.Build.0 = profile|x64
		{BE49ECE2-48A1-3312-BFF2-E9FD1E5E0365}.release|x64.ActiveCfg = release|x64
		{BE49ECE2-48A1-3312-BFF2-E9FD1E5E0365}.release|x64.Build.0 = release|x64
		{27A812A1-CF97-E1FE-B676-2D8DBD096EDB}.checked|x64.ActiveCfg = checked|x64
		{27A812A1-CF97-E1FE-B676-2D8DBD096EDB}.checked|x64.Build.0 = checked|x64
		{27A812A1-CF97-E1FE-B676-2D8DBD096EDB}.debug|x64.ActiveCfg = debug|x64
		{27A812A1-CF97-E1FE-B676-2D8DBD096EDB}.debug|x64.Build.0 = debug|x64
		{27A812A1-CF97-E1FE-B676-2D8DBD096EDB}.profile|x64.ActiveCfg = profile|x64
		{27A812A1-CF97-E1FE-B676-2D8DBD096EDB}.profile|x64.Build.0 = profile|x64
		{27A812A1-CF97-E1FE-B676-2D8DBD096EDB}.release|x64.ActiveCfg = release|x64
		{27A812A1-CF97-E1FE-B676-2D8DBD096EDB}.release|x64.Build.0 = release|x64
		{DA5BFD9D-1927-A6A9-F973-BCA40150A20D}.checked|x64.ActiveCfg = checked|x64
		{DA5BFD9D-1927-A6A9-F973-BCA40150A20D}.checked|x64.Build.0 = checked|x64
		{DA5BFD9D-1927-A6A9-F973-BCA40150A20D}.debug|x64.ActiveCfg = debug|x64
		{DA5BFD9D-1927-A6A9-F973-BCA40150A20D}.debug|x64.Build.0 = debug|x64
		{DA5BFD9D-1927-A6A9-F973-BCA40150A20D}.profile|x64.ActiveCfg = profile|x64
		{DA5BFD9D-1927-A6A9-F973-BCA40150A20D}.profile|x64.Build.0 = profile|x64
		{DA5BFD9D-1927-A6A9-F973-BCA40150A20D}.release|x64.ActiveCfg = release|x64
		{DA5BFD9D-1927-A6A9-F973-BCA40150A20D}.release|x64.Build.0 = release|x64
		{5CF0910C-1729-3C31-9FCE-408CE9DFF319}.checked|x64.ActiveCfg = checked|x64
		{5CF0910C-1729-3C31-9FCE-408CE9DFF319}.checked|x64.Build.0 = checked|x64
		{5CF0910C-1729-3C31-9FCE-408CE9DFF319}.debug|x64.ActiveCfg = debug|x64
		{5CF0910C-1729-3C31-9FCE-408CE9DFF319}.debug|x64.Build.0 = debug|x64
		{5CF0910C-1729-3C31-9FCE-408CE9DFF319}.profile|x64.ActiveCfg = profile|x64
		{5CF0910C-1729-3C31-9FCE-408CE9DFF319}.profile|x64.Build.0 = profile|x64
		{5CF0910C-1729-3C31-9FCE-408CE9DFF319}.release|x64.ActiveCfg = release|x64
		{5CF0910C-1729-3C31-9FCE-408CE9DFF319}.release|x64.Build.0 = release|x64
	EndGlobalSection
	GlobalSection(SolutionProperties) = preSolution
		HideSolutionNode = FALSE
	EndGlobalSection
EndGlobal
