Microsoft Visual Studio Solution File, Format Version 11.00
# Visual Studio 2010
Project("{8BC9CEB8-8B4A-11D0-8D11-00A0C91BC942}") = "ApexCommon", "ApexCommon.vcxproj", "{99DCB1EF-6925-CFE6-6F90-F7D7C476C22F}"
EndProject
Project("{8BC9CEB8-8B4A-11D0-8D11-00A0C91BC942}") = "ApexShared", "ApexShared.vcxproj", "{A7FA251A-0FD1-2575-2EB8-E54754B2158E}"
EndProject
Project("{8BC9CEB8-8B4A-11D0-8D11-00A0C91BC942}") = "ApexFramework", "ApexFramework.vcxproj", "{E94AD6C1-E4B8-1EDA-4920-602FBA353296}"
	ProjectSection(ProjectDependencies) = postProject
		{99DCB1EF-6925-CFE6-6F90-F7D7C476C22F} = {99DCB1EF-6925-CFE6-6F90-F7D7C476C22F}
		{A7FA251A-0FD1-2575-2EB8-E54754B2158E} = {A7FA251A-0FD1-2575-2EB8-E54754B2158E}
	EndProjectSection
EndProject
Project("{8BC9CEB8-8B4A-11D0-8D11-00A0C91BC942}") = "APEX_Destructible", "APEX_Destructible.vcxproj", "{F0CC68CC-F047-1146-935E-5D1CD338EFC2}"
	ProjectSection(ProjectDependencies) = postProject
		{99DCB1EF-6925-CFE6-6F90-F7D7C476C22F} = {99DCB1EF-6925-CFE6-6F90-F7D7C476C22F}
		{A7FA251A-0FD1-2575-2EB8-E54754B2158E} = {A7FA251A-0FD1-2575-2EB8-E54754B2158E}
	EndProjectSection
EndProject
Project("{8BC9CEB8-8B4A-11D0-8D11-00A0C91BC942}") = "APEX_Clothing", "APEX_Clothing.vcxproj", "{3EABCDA9-8E13-A284-747A-8CBD27DB92E9}"
	ProjectSection(ProjectDependencies) = postProject
		{99DCB1EF-6925-CFE6-6F90-F7D7C476C22F} = {99DCB1EF-6925-CFE6-6F90-F7D7C476C22F}
		{A7FA251A-0FD1-2575-2EB8-E54754B2158E} = {A7FA251A-0FD1-2575-2EB8-E54754B2158E}
	EndProjectSection
EndProject
Global
	GlobalSection(SolutionConfigurationPlatforms) = preSolution
		checked|Win32 = checked|Win32
		debug|Win32 = debug|Win32
		profile|Win32 = profile|Win32
		release|Win32 = release|Win32
	EndGlobalSection
	GlobalSection(ProjectConfigurationPlatforms) = postSolution
		{99DCB1EF-6925-CFE6-6F90-F7D7C476C22F}.checked|Win32.ActiveCfg = checked|Win32
		{99DCB1EF-6925-CFE6-6F90-F7D7C476C22F}.checked|Win32.Build.0 = checked|Win32
		{99DCB1EF-6925-CFE6-6F90-F7D7C476C22F}.debug|Win32.ActiveCfg = debug|Win32
		{99DCB1EF-6925-CFE6-6F90-F7D7C476C22F}.debug|Win32.Build.0 = debug|Win32
		{99DCB1EF-6925-CFE6-6F90-F7D7C476C22F}.profile|Win32.ActiveCfg = profile|Win32
		{99DCB1EF-6925-CFE6-6F90-F7D7C476C22F}.profile|Win32.Build.0 = profile|Win32
		{99DCB1EF-6925-CFE6-6F90-F7D7C476C22F}.release|Win32.ActiveCfg = release|Win32
		{99DCB1EF-6925-CFE6-6F90-F7D7C476C22F}.release|Win32.Build.0 = release|Win32
		{A7FA251A-0FD1-2575-2EB8-E54754B2158E}.checked|Win32.ActiveCfg = checked|Win32
		{A7FA251A-0FD1-2575-2EB8-E54754B2158E}.checked|Win32.Build.0 = checked|Win32
		{A7FA251A-0FD1-2575-2EB8-E54754B2158E}.debug|Win32.ActiveCfg = debug|Win32
		{A7FA251A-0FD1-2575-2EB8-E54754B2158E}.debug|Win32.Build.0 = debug|Win32
		{A7FA251A-0FD1-2575-2EB8-E54754B2158E}.profile|Win32.ActiveCfg = profile|Win32
		{A7FA251A-0FD1-2575-2EB8-E54754B2158E}.profile|Win32.Build.0 = profile|Win32
		{A7FA251A-0FD1-2575-2EB8-E54754B2158E}.release|Win32.ActiveCfg = release|Win32
		{A7FA251A-0FD1-2575-2EB8-E54754B2158E}.release|Win32.Build.0 = release|Win32
		{E94AD6C1-E4B8-1EDA-4920-602FBA353296}.checked|Win32.ActiveCfg = checked|Win32
		{E94AD6C1-E4B8-1EDA-4920-602FBA353296}.checked|Win32.Build.0 = checked|Win32
		{E94AD6C1-E4B8-1EDA-4920-602FBA353296}.debug|Win32.ActiveCfg = debug|Win32
		{E94AD6C1-E4B8-1EDA-4920-602FBA353296}.debug|Win32.Build.0 = debug|Win32
		{E94AD6C1-E4B8-1EDA-4920-602FBA353296}.profile|Win32.ActiveCfg = profile|Win32
		{E94AD6C1-E4B8-1EDA-4920-602FBA353296}.profile|Win32.Build.0 = profile|Win32
		{E94AD6C1-E4B8-1EDA-4920-602FBA353296}.release|Win32.ActiveCfg = release|Win32
		{E94AD6C1-E4B8-1EDA-4920-602FBA353296}.release|Win32.Build.0 = release|Win32
		{F0CC68CC-F047-1146-935E-5D1CD338EFC2}.checked|Win32.ActiveCfg = checked|Win32
		{F0CC68CC-F047-1146-935E-5D1CD338EFC2}.checked|Win32.Build.0 = checked|Win32
		{F0CC68CC-F047-1146-935E-5D1CD338EFC2}.debug|Win32.ActiveCfg = debug|Win32
		{F0CC68CC-F047-1146-935E-5D1CD338EFC2}.debug|Win32.Build.0 = debug|Win32
		{F0CC68CC-F047-1146-935E-5D1CD338EFC2}.profile|Win32.ActiveCfg = profile|Win32
		{F0CC68CC-F047-1146-935E-5D1CD338EFC2}.profile|Win32.Build.0 = profile|Win32
		{F0CC68CC-F047-1146-935E-5D1CD338EFC2}.release|Win32.ActiveCfg = release|Win32
		{F0CC68CC-F047-1146-935E-5D1CD338EFC2}.release|Win32.Build.0 = release|Win32
		{3EABCDA9-8E13-A284-747A-8CBD27DB92E9}.checked|Win32.ActiveCfg = checked|Win32
		{3EABCDA9-8E13-A284-747A-8CBD27DB92E9}.checked|Win32.Build.0 = checked|Win32
		{3EABCDA9-8E13-A284-747A-8CBD27DB92E9}.debug|Win32.ActiveCfg = debug|Win32
		{3EABCDA9-8E13-A284-747A-8CBD27DB92E9}.debug|Win32.Build.0 = debug|Win32
		{3EABCDA9-8E13-A284-747A-8CBD27DB92E9}.profile|Win32.ActiveCfg = profile|Win32
		{3EABCDA9-8E13-A284-747A-8CBD27DB92E9}.profile|Win32.Build.0 = profile|Win32
		{3EABCDA9-8E13-A284-747A-8CBD27DB92E9}.release|Win32.ActiveCfg = release|Win32
		{3EABCDA9-8E13-A284-747A-8CBD27DB92E9}.release|Win32.Build.0 = release|Win32
	EndGlobalSection
	GlobalSection(SolutionProperties) = preSolution
		HideSolutionNode = FALSE
	EndGlobalSection
EndGlobal
